
Microsoft Visual Studio Solution File, Format Version 12.00
# Visual Studio Version 16
VisualStudioVersion = 16.0.30204.135
MinimumVisualStudioVersion = 10.0.40219.1
Project("{FAE04EC0-301F-11D3-BF4B-00C04F79EFBC}") = "hr1", "hr1.csproj", "{871785FE-9013-4A82-BAD1-6CE38D7DF33B}"
EndProject
Project("{FAE04EC0-301F-11D3-BF4B-00C04F79EFBC}") = "hr1Tests", "..\hr1Tests\hr1Tests.csproj", "{78836897-C97A-4A37-A482-519D64F96045}"
EndProject
Global
	GlobalSection(SolutionConfigurationPlatforms) = preSolution
		Debug|Any CPU = Debug|Any CPU
		Release|Any CPU = Release|Any CPU
	EndGlobalSection
	GlobalSection(ProjectConfigurationPlatforms) = postSolution
		{871785FE-9013-4A82-BAD1-6CE38D7DF33B}.Debug|Any CPU.ActiveCfg = Debug|Any CPU
		{871785FE-9013-4A82-BAD1-6CE38D7DF33B}.Debug|Any CPU.Build.0 = Debug|Any CPU
		{871785FE-9013-4A82-BAD1-6CE38D7DF33B}.Release|Any CPU.ActiveCfg = Release|Any CPU
		{871785FE-9013-4A82-BAD1-6CE38D7DF33B}.Release|Any CPU.Build.0 = Release|Any CPU
		{78836897-C97A-4A37-A482-519D64F96045}.Debug|Any CPU.ActiveCfg = Debug|Any CPU
		{78836897-C97A-4A37-A482-519D64F96045}.Debug|Any CPU.Build.0 = Debug|Any CPU
		{78836897-C97A-4A37-A482-519D64F96045}.Release|Any CPU.ActiveCfg = Release|Any CPU
		{78836897-C97A-4A37-A482-519D64F96045}.Release|Any CPU.Build.0 = Release|Any CPU
	EndGlobalSection
	GlobalSection(SolutionProperties) = preSolution
		HideSolutionNode = FALSE
	EndGlobalSection
	GlobalSection(ExtensibilityGlobals) = postSolution
		SolutionGuid = {97A479A6-3F82-460B-8A25-6AF293698477}
	EndGlobalSection
EndGlobal
